
Microsoft Visual Studio Solution File, Format Version 12.00
# Visual Studio Version 16
VisualStudioVersion = 16.0.29306.81
MinimumVisualStudioVersion = 10.0.40219.1
Project("{FAE04EC0-301F-11D3-BF4B-00C04F79EFBC}") = "Neighlink", "Neighlink.csproj", "{B8E7420A-985E-4339-A870-1AFD0F8AC445}"
EndProject
Project("{FAE04EC0-301F-11D3-BF4B-00C04F79EFBC}") = "Entity", "Entity\Entity.csproj", "{8C4757C2-5C7C-4D3D-AFA4-0966415E81D6}"
EndProject
Project("{FAE04EC0-301F-11D3-BF4B-00C04F79EFBC}") = "Data", "Data\Data.csproj", "{05F0788D-A063-44E3-9E3F-ED6627EB6CA4}"
EndProject
Project("{FAE04EC0-301F-11D3-BF4B-00C04F79EFBC}") = "Business", "Business\Business.csproj", "{437A4526-20F9-4502-996D-3CB77E0BE79B}"
EndProject
Global
	GlobalSection(SolutionConfigurationPlatforms) = preSolution
		Debug|Any CPU = Debug|Any CPU
		Release|Any CPU = Release|Any CPU
	EndGlobalSection
	GlobalSection(ProjectConfigurationPlatforms) = postSolution
		{B8E7420A-985E-4339-A870-1AFD0F8AC445}.Debug|Any CPU.ActiveCfg = Debug|Any CPU
		{B8E7420A-985E-4339-A870-1AFD0F8AC445}.Debug|Any CPU.Build.0 = Debug|Any CPU
		{B8E7420A-985E-4339-A870-1AFD0F8AC445}.Release|Any CPU.ActiveCfg = Release|Any CPU
		{B8E7420A-985E-4339-A870-1AFD0F8AC445}.Release|Any CPU.Build.0 = Release|Any CPU
		{8C4757C2-5C7C-4D3D-AFA4-0966415E81D6}.Debug|Any CPU.ActiveCfg = Debug|Any CPU
		{8C4757C2-5C7C-4D3D-AFA4-0966415E81D6}.Debug|Any CPU.Build.0 = Debug|Any CPU
		{8C4757C2-5C7C-4D3D-AFA4-0966415E81D6}.Release|Any CPU.ActiveCfg = Release|Any CPU
		{8C4757C2-5C7C-4D3D-AFA4-0966415E81D6}.Release|Any CPU.Build.0 = Release|Any CPU
		{05F0788D-A063-44E3-9E3F-ED6627EB6CA4}.Debug|Any CPU.ActiveCfg = Debug|Any CPU
		{05F0788D-A063-44E3-9E3F-ED6627EB6CA4}.Debug|Any CPU.Build.0 = Debug|Any CPU
		{05F0788D-A063-44E3-9E3F-ED6627EB6CA4}.Release|Any CPU.ActiveCfg = Release|Any CPU
		{05F0788D-A063-44E3-9E3F-ED6627EB6CA4}.Release|Any CPU.Build.0 = Release|Any CPU
		{437A4526-20F9-4502-996D-3CB77E0BE79B}.Debug|Any CPU.ActiveCfg = Debug|Any CPU
		{437A4526-20F9-4502-996D-3CB77E0BE79B}.Debug|Any CPU.Build.0 = Debug|Any CPU
		{437A4526-20F9-4502-996D-3CB77E0BE79B}.Release|Any CPU.ActiveCfg = Release|Any CPU
		{437A4526-20F9-4502-996D-3CB77E0BE79B}.Release|Any CPU.Build.0 = Release|Any CPU
	EndGlobalSection
	GlobalSection(SolutionProperties) = preSolution
		HideSolutionNode = FALSE
	EndGlobalSection
	GlobalSection(ExtensibilityGlobals) = postSolution
		SolutionGuid = {F5AB0009-88D1-4BD8-93C9-7CC922A003ED}
	EndGlobalSection
EndGlobal
